
Microsoft Visual Studio Solution File, Format Version 12.00
# Visual Studio Version 17
VisualStudioVersion = 17.14.36203.30 d17.14
MinimumVisualStudioVersion = 10.0.40219.1
Project("{FAE04EC0-301F-11D3-BF4B-00C04F79EFBC}") = "CQRSMediatR", "CQRSMediatR\CQRSMediatR.csproj", "{5D316320-C076-485F-BBDB-F6FC623032B3}"
EndProject
Global
	GlobalSection(SolutionConfigurationPlatforms) = preSolution
		Debug|Any CPU = Debug|Any CPU
		Release|Any CPU = Release|Any CPU
	EndGlobalSection
	GlobalSection(ProjectConfigurationPlatforms) = postSolution
		{5D316320-C076-485F-BBDB-F6FC623032B3}.Debug|Any CPU.ActiveCfg = Debug|Any CPU
		{5D316320-C076-485F-BBDB-F6FC623032B3}.Debug|Any CPU.Build.0 = Debug|Any CPU
		{5D316320-C076-485F-BBDB-F6FC623032B3}.Release|Any CPU.ActiveCfg = Release|Any CPU
		{5D316320-C076-485F-BBDB-F6FC623032B3}.Release|Any CPU.Build.0 = Release|Any CPU
	EndGlobalSection
	GlobalSection(SolutionProperties) = preSolution
		HideSolutionNode = FALSE
	EndGlobalSection
	GlobalSection(ExtensibilityGlobals) = postSolution
		SolutionGuid = {E29E3ECD-0723-41D5-AB61-96FDA13690AC}
	EndGlobalSection
EndGlobal
